// !$*UTF8*$!
{
	archiveVersion = 1;
	classes = {
	};
	objectVersion = 77;
	objects = {

/* Begin PBXContainerItemProxy section */
		D8463C9E2CBAE77A00ED3162 /* PBXContainerItemProxy */ = {
			isa = PBXContainerItemProxy;
			containerPortal = D8463C7F2CBAE77900ED3162 /* Project object */;
			proxyType = 1;
			remoteGlobalIDString = D8463C862CBAE77900ED3162;
			remoteInfo = LoginProtocolOrientedUIKit;
		};
		D8463CA82CBAE77A00ED3162 /* PBXContainerItemProxy */ = {
			isa = PBXContainerItemProxy;
			containerPortal = D8463C7F2CBAE77900ED3162 /* Project object */;
			proxyType = 1;
			remoteGlobalIDString = D8463C862CBAE77900ED3162;
			remoteInfo = LoginProtocolOrientedUIKit;
		};
/* End PBXContainerItemProxy section */

/* Begin PBXFileReference section */
		D8463C872CBAE77900ED3162 /* LoginProtocolOrientedUIKit.app */ = {isa = PBXFileReference; explicitFileType = wrapper.application; includeInIndex = 0; path = LoginProtocolOrientedUIKit.app; sourceTree = BUILT_PRODUCTS_DIR; };
		D8463C9D2CBAE77A00ED3162 /* LoginProtocolOrientedUIKitTests.xctest */ = {isa = PBXFileReference; explicitFileType = wrapper.cfbundle; includeInIndex = 0; path = LoginProtocolOrientedUIKitTests.xctest; sourceTree = BUILT_PRODUCTS_DIR; };
		D8463CA72CBAE77A00ED3162 /* LoginProtocolOrientedUIKitUITests.xctest */ = {isa = PBXFileReference; explicitFileType = wrapper.cfbundle; includeInIndex = 0; path = LoginProtocolOrientedUIKitUITests.xctest; sourceTree = BUILT_PRODUCTS_DIR; };
/* End PBXFileReference section */

/* Begin PBXFileSystemSynchronizedBuildFileExceptionSet section */
		D8201C122CBC2E6D000C714E /* Exceptions for "LoginProtocolOrientedUIKit" folder in "LoginProtocolOrientedUIKit" target */ = {
			isa = PBXFileSystemSynchronizedBuildFileExceptionSet;
			membershipExceptions = (
				Info.plist,
			);
			target = D8463C862CBAE77900ED3162 /* LoginProtocolOrientedUIKit */;
		};
/* End PBXFileSystemSynchronizedBuildFileExceptionSet section */

/* Begin PBXFileSystemSynchronizedRootGroup section */
		D8201C0A2CBC2E6D000C714E /* LoginProtocolOrientedUIKit */ = {
			isa = PBXFileSystemSynchronizedRootGroup;
			exceptions = (
				D8201C122CBC2E6D000C714E /* Exceptions for "LoginProtocolOrientedUIKit" folder in "LoginProtocolOrientedUIKit" target */,
			);
			path = LoginProtocolOrientedUIKit;
			sourceTree = "<group>";
		};
		D8463CA02CBAE77A00ED3162 /* LoginProtocolOrientedUIKitTests */ = {
			isa = PBXFileSystemSynchronizedRootGroup;
			path = LoginProtocolOrientedUIKitTests;
			sourceTree = "<group>";
		};
		D8463CAA2CBAE77A00ED3162 /* LoginProtocolOrientedUIKitUITests */ = {
			isa = PBXFileSystemSynchronizedRootGroup;
			path = LoginProtocolOrientedUIKitUITests;
			sourceTree = "<group>";
		};
/* End PBXFileSystemSynchronizedRootGroup section */

/* Begin PBXFrameworksBuildPhase section */
		D8463C842CBAE77900ED3162 /* Frameworks */ = {
			isa = PBXFrameworksBuildPhase;
			buildActionMask = 2147483647;
			files = (
			);
			runOnlyForDeploymentPostprocessing = 0;
		};
		D8463C9A2CBAE77A00ED3162 /* Frameworks */ = {
			isa = PBXFrameworksBuildPhase;
			buildActionMask = 2147483647;
			files = (
			);
			runOnlyForDeploymentPostprocessing = 0;
		};
		D8463CA42CBAE77A00ED3162 /* Frameworks */ = {
			isa = PBXFrameworksBuildPhase;
			buildActionMask = 2147483647;
			files = (
			);
			runOnlyForDeploymentPostprocessing = 0;
		};
/* End PBXFrameworksBuildPhase section */

/* Begin PBXGroup section */
		D8463C7E2CBAE77900ED3162 = {
			isa = PBXGroup;
			children = (
				D8201C0A2CBC2E6D000C714E /* LoginProtocolOrientedUIKit */,
				D8463CA02CBAE77A00ED3162 /* LoginProtocolOrientedUIKitTests */,
				D8463CAA2CBAE77A00ED3162 /* LoginProtocolOrientedUIKitUITests */,
				D8463C882CBAE77900ED3162 /* Products */,
			);
			sourceTree = "<group>";
		};
		D8463C882CBAE77900ED3162 /* Products */ = {
			isa = PBXGroup;
			children = (
				D8463C872CBAE77900ED3162 /* LoginProtocolOrientedUIKit.app */,
				D8463C9D2CBAE77A00ED3162 /* LoginProtocolOrientedUIKitTests.xctest */,
				D8463CA72CBAE77A00ED3162 /* LoginProtocolOrientedUIKitUITests.xctest */,
			);
			name = Products;
			sourceTree = "<group>";
		};
/* End PBXGroup section */

/* Begin PBXNativeTarget section */
		D8463C862CBAE77900ED3162 /* LoginProtocolOrientedUIKit */ = {
			isa = PBXNativeTarget;
			buildConfigurationList = D8463CB02CBAE77A00ED3162 /* Build configuration list for PBXNativeTarget "LoginProtocolOrientedUIKit" */;
			buildPhases = (
				D8463C832CBAE77900ED3162 /* Sources */,
				D8463C842CBAE77900ED3162 /* Frameworks */,
				D8463C852CBAE77900ED3162 /* Resources */,
			);
			buildRules = (
			);
			dependencies = (
			);
			fileSystemSynchronizedGroups = (
				D8201C0A2CBC2E6D000C714E /* LoginProtocolOrientedUIKit */,
			);
			name = LoginProtocolOrientedUIKit;
			packageProductDependencies = (
			);
			productName = LoginProtocolOrientedUIKit;
			productReference = D8463C872CBAE77900ED3162 /* LoginProtocolOrientedUIKit.app */;
			productType = "com.apple.product-type.application";
		};
		D8463C9C2CBAE77A00ED3162 /* LoginProtocolOrientedUIKitTests */ = {
			isa = PBXNativeTarget;
			buildConfigurationList = D8463CB52CBAE77B00ED3162 /* Build configuration list for PBXNativeTarget "LoginProtocolOrientedUIKitTests" */;
			buildPhases = (
				D8463C992CBAE77A00ED3162 /* Sources */,
				D8463C9A2CBAE77A00ED3162 /* Frameworks */,
				D8463C9B2CBAE77A00ED3162 /* Resources */,
			);
			buildRules = (
			);
			dependencies = (
				D8463C9F2CBAE77A00ED3162 /* PBXTargetDependency */,
			);
			fileSystemSynchronizedGroups = (
				D8463CA02CBAE77A00ED3162 /* LoginProtocolOrientedUIKitTests */,
			);
			name = LoginProtocolOrientedUIKitTests;
			packageProductDependencies = (
			);
			productName = LoginProtocolOrientedUIKitTests;
			productReference = D8463C9D2CBAE77A00ED3162 /* LoginProtocolOrientedUIKitTests.xctest */;
			productType = "com.apple.product-type.bundle.unit-test";
		};
		D8463CA62CBAE77A00ED3162 /* LoginProtocolOrientedUIKitUITests */ = {
			isa = PBXNativeTarget;
			buildConfigurationList = D8463CB82CBAE77B00ED3162 /* Build configuration list for PBXNativeTarget "LoginProtocolOrientedUIKitUITests" */;
			buildPhases = (
				D8463CA32CBAE77A00ED3162 /* Sources */,
				D8463CA42CBAE77A00ED3162 /* Frameworks */,
				D8463CA52CBAE77A00ED3162 /* Resources */,
			);
			buildRules = (
			);
			dependencies = (
				D8463CA92CBAE77A00ED3162 /* PBXTargetDependency */,
			);
			fileSystemSynchronizedGroups = (
				D8463CAA2CBAE77A00ED3162 /* LoginProtocolOrientedUIKitUITests */,
			);
			name = LoginProtocolOrientedUIKitUITests;
			packageProductDependencies = (
			);
			productName = LoginProtocolOrientedUIKitUITests;
			productReference = D8463CA72CBAE77A00ED3162 /* LoginProtocolOrientedUIKitUITests.xctest */;
			productType = "com.apple.product-type.bundle.ui-testing";
		};
/* End PBXNativeTarget section */

/* Begin PBXProject section */
		D8463C7F2CBAE77900ED3162 /* Project object */ = {
			isa = PBXProject;
			attributes = {
				BuildIndependentTargetsInParallel = 1;
				LastSwiftUpdateCheck = 1600;
				LastUpgradeCheck = 1600;
				TargetAttributes = {
					D8463C862CBAE77900ED3162 = {
						CreatedOnToolsVersion = 16.0;
					};
					D8463C9C2CBAE77A00ED3162 = {
						CreatedOnToolsVersion = 16.0;
						TestTargetID = D8463C862CBAE77900ED3162;
					};
					D8463CA62CBAE77A00ED3162 = {
						CreatedOnToolsVersion = 16.0;
						TestTargetID = D8463C862CBAE77900ED3162;
					};
				};
			};
			buildConfigurationList = D8463C822CBAE77900ED3162 /* Build configuration list for PBXProject "LoginProtocolOrientedUIKit" */;
			developmentRegion = en;
			hasScannedForEncodings = 0;
			knownRegions = (
				en,
				Base,
			);
			mainGroup = D8463C7E2CBAE77900ED3162;
			minimizedProjectReferenceProxies = 1;
			preferredProjectObjectVersion = 77;
			productRefGroup = D8463C882CBAE77900ED3162 /* Products */;
			projectDirPath = "";
			projectRoot = "";
			targets = (
				D8463C862CBAE77900ED3162 /* LoginProtocolOrientedUIKit */,
				D8463C9C2CBAE77A00ED3162 /* LoginProtocolOrientedUIKitTests */,
				D8463CA62CBAE77A00ED3162 /* LoginProtocolOrientedUIKitUITests */,
			);
		};
/* End PBXProject section */

/* Begin PBXResourcesBuildPhase section */
		D8463C852CBAE77900ED3162 /* Resources */ = {
			isa = PBXResourcesBuildPhase;
			buildActionMask = 2147483647;
			files = (
			);
			runOnlyForDeploymentPostprocessing = 0;
		};
		D8463C9B2CBAE77A00ED3162 /* Resources */ = {
			isa = PBXResourcesBuildPhase;
			buildActionMask = 2147483647;
			files = (
			);
			runOnlyForDeploymentPostprocessing = 0;
		};
		D8463CA52CBAE77A00ED3162 /* Resources */ = {
			isa = PBXResourcesBuildPhase;
			buildActionMask = 2147483647;
			files = (
			);
			runOnlyForDeploymentPostprocessing = 0;
		};
/* End PBXResourcesBuildPhase section */

/* Begin PBXSourcesBuildPhase section */
		D8463C832CBAE77900ED3162 /* Sources */ = {
			isa = PBXSourcesBuildPhase;
			buildActionMask = 2147483647;
			files = (
			);
			runOnlyForDeploymentPostprocessing = 0;
		};
		D8463C992CBAE77A00ED3162 /* Sources */ = {
			isa = PBXSourcesBuildPhase;
			buildActionMask = 2147483647;
			files = (
			);
			runOnlyForDeploymentPostprocessing = 0;
		};
		D8463CA32CBAE77A00ED3162 /* Sources */ = {
			isa = PBXSourcesBuildPhase;
			buildActionMask = 2147483647;
			files = (
			);
			runOnlyForDeploymentPostprocessing = 0;
		};
/* End PBXSourcesBuildPhase section */

/* Begin PBXTargetDependency section */
		D8463C9F2CBAE77A00ED3162 /* PBXTargetDependency */ = {
			isa = PBXTargetDependency;
			target = D8463C862CBAE77900ED3162 /* LoginProtocolOrientedUIKit */;
			targetProxy = D8463C9E2CBAE77A00ED3162 /* PBXContainerItemProxy */;
		};
		D8463CA92CBAE77A00ED3162 /* PBXTargetDependency */ = {
			isa = PBXTargetDependency;
			target = D8463C862CBAE77900ED3162 /* LoginProtocolOrientedUIKit */;
			targetProxy = D8463CA82CBAE77A00ED3162 /* PBXContainerItemProxy */;
		};
/* End PBXTargetDependency section */

/* Begin XCBuildConfiguration section */
		D8463CB12CBAE77A00ED3162 /* Debug */ = {
			isa = XCBuildConfiguration;
			buildSettings = {
				ASSETCATALOG_COMPILER_APPICON_NAME = AppIcon;
				ASSETCATALOG_COMPILER_GLOBAL_ACCENT_COLOR_NAME = AccentColor;
				CODE_SIGN_STYLE = Automatic;
				CURRENT_PROJECT_VERSION = 1;
				DEVELOPMENT_TEAM = YM4BUS8N7P;
				GENERATE_INFOPLIST_FILE = YES;
				INFOPLIST_FILE = LoginProtocolOrientedUIKit/Info.plist;
				INFOPLIST_KEY_UIApplicationSupportsIndirectInputEvents = YES;
				INFOPLIST_KEY_UILaunchStoryboardName = LaunchScreen;
				INFOPLIST_KEY_UISupportedInterfaceOrientations_iPad = "UIInterfaceOrientationPortrait UIInterfaceOrientationPortraitUpsideDown UIInterfaceOrientationLandscapeLeft UIInterfaceOrientationLandscapeRight";
				INFOPLIST_KEY_UISupportedInterfaceOrientations_iPhone = "UIInterfaceOrientationPortrait UIInterfaceOrientationLandscapeLeft UIInterfaceOrientationLandscapeRight";
				LD_RUNPATH_SEARCH_PATHS = (
					"$(inherited)",
					"@executable_path/Frameworks",
				);
				MARKETING_VERSION = 1.0;
				PRODUCT_BUNDLE_IDENTIFIER = com.beyzanurtekerek.LoginProtocolOrientedUIKit;
				PRODUCT_NAME = "$(TARGET_NAME)";
				SWIFT_EMIT_LOC_STRINGS = YES;
				SWIFT_VERSION = 5.0;
				TARGETED_DEVICE_FAMILY = "1,2";
			};
			name = Debug;
		};
		D8463CB22CBAE77A00ED3162 /* Release */ = {
			isa = XCBuildConfiguration;
			buildSettings = {
				ASSETCATALOG_COMPILER_APPICON_NAME = AppIcon;
				ASSETCATALOG_COMPILER_GLOBAL_ACCENT_COLOR_NAME = AccentColor;
				CODE_SIGN_STYLE = Automatic;
				CURRENT_PROJECT_VERSION = 1;
				DEVELOPMENT_TEAM = YM4BUS8N7P;
				GENERATE_INFOPLIST_FILE = YES;
				INFOPLIST_FILE = LoginProtocolOrientedUIKit/Info.plist;
				INFOPLIST_KEY_UIApplicationSupportsIndirectInputEvents = YES;
				INFOPLIST_KEY_UILaunchStoryboardName = LaunchScreen;
				INFOPLIST_KEY_UISupportedInterfaceOrientations_iPad = "UIInterfaceOrientationPortrait UIInterfaceOrientationPortraitUpsideDown UIInterfaceOrientationLandscapeLeft UIInterfaceOrientationLandscapeRight";
				INFOPLIST_KEY_UISupportedInterfaceOrientations_iPhone = "UIInterfaceOrientationPortrait UIInterfaceOrientationLandscapeLeft UIInterfaceOrientationLandscapeRight";
				LD_RUNPATH_SEARCH_PATHS = (
					"$(inherited)",
					"@executable_path/Frameworks",
				);
				MARKETING_VERSION = 1.0;
				PRODUCT_BUNDLE_IDENTIFIER = com.beyzanurtekerek.LoginProtocolOrientedUIKit;
				PRODUCT_NAME = "$(TARGET_NAME)";
				SWIFT_EMIT_LOC_STRINGS = YES;
				SWIFT_VERSION = 5.0;
				TARGETED_DEVICE_FAMILY = "1,2";
			};
			name = Release;
		};
		D8463CB32CBAE77B00ED3162 /* Debug */ = {
			isa = XCBuildConfiguration;
			buildSettings = {
				ALWAYS_SEARCH_USER_PATHS = NO;
				ASSETCATALOG_COMPILER_GENERATE_SWIFT_ASSET_SYMBOL_EXTENSIONS = YES;
				CLANG_ANALYZER_NONNULL = YES;
				CLANG_ANALYZER_NUMBER_OBJECT_CONVERSION = YES_AGGRESSIVE;
				CLANG_CXX_LANGUAGE_STANDARD = "gnu++20";
				CLANG_ENABLE_MODULES = YES;
				CLANG_ENABLE_OBJC_ARC = YES;
				CLANG_ENABLE_OBJC_WEAK = YES;
				CLANG_WARN_BLOCK_CAPTURE_AUTORELEASING = YES;
				CLANG_WARN_BOOL_CONVERSION = YES;
				CLANG_WARN_COMMA = YES;
				CLANG_WARN_CONSTANT_CONVERSION = YES;
				CLANG_WARN_DEPRECATED_OBJC_IMPLEMENTATIONS = YES;
				CLANG_WARN_DIRECT_OBJC_ISA_USAGE = YES_ERROR;
				CLANG_WARN_DOCUMENTATION_COMMENTS = YES;
				CLANG_WARN_EMPTY_BODY = YES;
				CLANG_WARN_ENUM_CONVERSION = YES;
				CLANG_WARN_INFINITE_RECURSION = YES;
				CLANG_WARN_INT_CONVERSION = YES;
				CLANG_WARN_NON_LITERAL_NULL_CONVERSION = YES;
				CLANG_WARN_OBJC_IMPLICIT_RETAIN_SELF = YES;
				CLANG_WARN_OBJC_LITERAL_CONVERSION = YES;
				CLANG_WARN_OBJC_ROOT_CLASS = YES_ERROR;
				CLANG_WARN_QUOTED_INCLUDE_IN_FRAMEWORK_HEADER = YES;
				CLANG_WARN_RANGE_LOOP_ANALYSIS = YES;
				CLANG_WARN_STRICT_PROTOTYPES = YES;
				CLANG_WARN_SUSPICIOUS_MOVE = YES;
				CLANG_WARN_UNGUARDED_AVAILABILITY = YES_AGGRESSIVE;
				CLANG_WARN_UNREACHABLE_CODE = YES;
				CLANG_WARN__DUPLICATE_METHOD_MATCH = YES;
				COPY_PHASE_STRIP = NO;
				DEBUG_INFORMATION_FORMAT = dwarf;
				ENABLE_STRICT_OBJC_MSGSEND = YES;
				ENABLE_TESTABILITY = YES;
				ENABLE_USER_SCRIPT_SANDBOXING = YES;
				GCC_C_LANGUAGE_STANDARD = gnu17;
				GCC_DYNAMIC_NO_PIC = NO;
				GCC_NO_COMMON_BLOCKS = YES;
				GCC_OPTIMIZATION_LEVEL = 0;
				GCC_PREPROCESSOR_DEFINITIONS = (
					"DEBUG=1",
					"$(inherited)",
				);
				GCC_WARN_64_TO_32_BIT_CONVERSION = YES;
				GCC_WARN_ABOUT_RETURN_TYPE = YES_ERROR;
				GCC_WARN_UNDECLARED_SELECTOR = YES;
				GCC_WARN_UNINITIALIZED_AUTOS = YES_AGGRESSIVE;
				GCC_WARN_UNUSED_FUNCTION = YES;
				GCC_WARN_UNUSED_VARIABLE = YES;
				IPHONEOS_DEPLOYMENT_TARGET = 18.0;
				LOCALIZATION_PREFERS_STRING_CATALOGS = YES;
				MTL_ENABLE_DEBUG_INFO = INCLUDE_SOURCE;
				MTL_FAST_MATH = YES;
				ONLY_ACTIVE_ARCH = YES;
				SDKROOT = iphoneos;
				SWIFT_ACTIVE_COMPILATION_CONDITIONS = "DEBUG $(inherited)";
				SWIFT_OPTIMIZATION_LEVEL = "-Onone";
			};
			name = Debug;
		};
		D8463CB42CBAE77B00ED3162 /* Release */ = {
			isa = XCBuildConfiguration;
			buildSettings = {
				ALWAYS_SEARCH_USER_PATHS = NO;
				ASSETCATALOG_COMPILER_GENERATE_SWIFT_ASSET_SYMBOL_EXTENSIONS = YES;
				CLANG_ANALYZER_NONNULL = YES;
				CLANG_ANALYZER_NUMBER_OBJECT_CONVERSION = YES_AGGRESSIVE;
				CLANG_CXX_LANGUAGE_STANDARD = "gnu++20";
				CLANG_ENABLE_MODULES = YES;
				CLANG_ENABLE_OBJC_ARC = YES;
				CLANG_ENABLE_OBJC_WEAK = YES;
				CLANG_WARN_BLOCK_CAPTURE_AUTORELEASING = YES;
				CLANG_WARN_BOOL_CONVERSION = YES;
				CLANG_WARN_COMMA = YES;
				CLANG_WARN_CONSTANT_CONVERSION = YES;
				CLANG_WARN_DEPRECATED_OBJC_IMPLEMENTATIONS = YES;
				CLANG_WARN_DIRECT_OBJC_ISA_USAGE = YES_ERROR;
				CLANG_WARN_DOCUMENTATION_COMMENTS = YES;
				CLANG_WARN_EMPTY_BODY = YES;
				CLANG_WARN_ENUM_CONVERSION = YES;
				CLANG_WARN_INFINITE_RECURSION = YES;
				CLANG_WARN_INT_CONVERSION = YES;
				CLANG_WARN_NON_LITERAL_NULL_CONVERSION = YES;
				CLANG_WARN_OBJC_IMPLICIT_RETAIN_SELF = YES;
				CLANG_WARN_OBJC_LITERAL_CONVERSION = YES;
				CLANG_WARN_OBJC_ROOT_CLASS = YES_ERROR;
				CLANG_WARN_QUOTED_INCLUDE_IN_FRAMEWORK_HEADER = YES;
				CLANG_WARN_RANGE_LOOP_ANALYSIS = YES;
				CLANG_WARN_STRICT_PROTOTYPES = YES;
				CLANG_WARN_SUSPICIOUS_MOVE = YES;
				CLANG_WARN_UNGUARDED_AVAILABILITY = YES_AGGRESSIVE;
				CLANG_WARN_UNREACHABLE_CODE = YES;
				CLANG_WARN__DUPLICATE_METHOD_MATCH = YES;
				COPY_PHASE_STRIP = NO;
				DEBUG_INFORMATION_FORMAT = "dwarf-with-dsym";
				ENABLE_NS_ASSERTIONS = NO;
				ENABLE_STRICT_OBJC_MSGSEND = YES;
				ENABLE_USER_SCRIPT_SANDBOXING = YES;
				GCC_C_LANGUAGE_STANDARD = gnu17;
				GCC_NO_COMMON_BLOCKS = YES;
				GCC_WARN_64_TO_32_BIT_CONVERSION = YES;
				GCC_WARN_ABOUT_RETURN_TYPE = YES_ERROR;
				GCC_WARN_UNDECLARED_SELECTOR = YES;
				GCC_WARN_UNINITIALIZED_AUTOS = YES_AGGRESSIVE;
				GCC_WARN_UNUSED_FUNCTION = YES;
				GCC_WARN_UNUSED_VARIABLE = YES;
				IPHONEOS_DEPLOYMENT_TARGET = 18.0;
				LOCALIZATION_PREFERS_STRING_CATALOGS = YES;
				MTL_ENABLE_DEBUG_INFO = NO;
				MTL_FAST_MATH = YES;
				SDKROOT = iphoneos;
				SWIFT_COMPILATION_MODE = wholemodule;
				VALIDATE_PRODUCT = YES;
			};
			name = Release;
		};
		D8463CB62CBAE77B00ED3162 /* Debug */ = {
			isa = XCBuildConfiguration;
			buildSettings = {
				BUNDLE_LOADER = "$(TEST_HOST)";
				CODE_SIGN_STYLE = Automatic;
				CURRENT_PROJECT_VERSION = 1;
				DEVELOPMENT_TEAM = YM4BUS8N7P;
				GENERATE_INFOPLIST_FILE = YES;
				IPHONEOS_DEPLOYMENT_TARGET = 18.0;
				MARKETING_VERSION = 1.0;
				PRODUCT_BUNDLE_IDENTIFIER = com.beyzanurtekerek.LoginProtocolOrientedUIKitTests;
				PRODUCT_NAME = "$(TARGET_NAME)";
				SWIFT_EMIT_LOC_STRINGS = NO;
				SWIFT_VERSION = 5.0;
				TARGETED_DEVICE_FAMILY = "1,2";
				TEST_HOST = "$(BUILT_PRODUCTS_DIR)/LoginProtocolOrientedUIKit.app/$(BUNDLE_EXECUTABLE_FOLDER_PATH)/LoginProtocolOrientedUIKit";
			};
			name = Debug;
		};
		D8463CB72CBAE77B00ED3162 /* Release */ = {
			isa = XCBuildConfiguration;
			buildSettings = {
				BUNDLE_LOADER = "$(TEST_HOST)";
				CODE_SIGN_STYLE = Automatic;
				CURRENT_PROJECT_VERSION = 1;
				DEVELOPMENT_TEAM = YM4BUS8N7P;
				GENERATE_INFOPLIST_FILE = YES;
				IPHONEOS_DEPLOYMENT_TARGET = 18.0;
				MARKETING_VERSION = 1.0;
				PRODUCT_BUNDLE_IDENTIFIER = com.beyzanurtekerek.LoginProtocolOrientedUIKitTests;
				PRODUCT_NAME = "$(TARGET_NAME)";
				SWIFT_EMIT_LOC_STRINGS = NO;
				SWIFT_VERSION = 5.0;
				TARGETED_DEVICE_FAMILY = "1,2";
				TEST_HOST = "$(BUILT_PRODUCTS_DIR)/LoginProtocolOrientedUIKit.app/$(BUNDLE_EXECUTABLE_FOLDER_PATH)/LoginProtocolOrientedUIKit";
			};
			name = Release;
		};
		D8463CB92CBAE77B00ED3162 /* Debug */ = {
			isa = XCBuildConfiguration;
			buildSettings = {
				CODE_SIGN_STYLE = Automatic;
				CURRENT_PROJECT_VERSION = 1;
				DEVELOPMENT_TEAM = YM4BUS8N7P;
				GENERATE_INFOPLIST_FILE = YES;
				MARKETING_VERSION = 1.0;
				PRODUCT_BUNDLE_IDENTIFIER = com.beyzanurtekerek.LoginProtocolOrientedUIKitUITests;
				PRODUCT_NAME = "$(TARGET_NAME)";
				SWIFT_EMIT_LOC_STRINGS = NO;
				SWIFT_VERSION = 5.0;
				TARGETED_DEVICE_FAMILY = "1,2";
				TEST_TARGET_NAME = LoginProtocolOrientedUIKit;
			};
			name = Debug;
		};
		D8463CBA2CBAE77B00ED3162 /* Release */ = {
			isa = XCBuildConfiguration;
			buildSettings = {
				CODE_SIGN_STYLE = Automatic;
				CURRENT_PROJECT_VERSION = 1;
				DEVELOPMENT_TEAM = YM4BUS8N7P;
				GENERATE_INFOPLIST_FILE = YES;
				MARKETING_VERSION = 1.0;
				PRODUCT_BUNDLE_IDENTIFIER = com.beyzanurtekerek.LoginProtocolOrientedUIKitUITests;
				PRODUCT_NAME = "$(TARGET_NAME)";
				SWIFT_EMIT_LOC_STRINGS = NO;
				SWIFT_VERSION = 5.0;
				TARGETED_DEVICE_FAMILY = "1,2";
				TEST_TARGET_NAME = LoginProtocolOrientedUIKit;
			};
			name = Release;
		};
/* End XCBuildConfiguration section */

/* Begin XCConfigurationList section */
		D8463C822CBAE77900ED3162 /* Build configuration list for PBXProject "LoginProtocolOrientedUIKit" */ = {
			isa = XCConfigurationList;
			buildConfigurations = (
				D8463CB32CBAE77B00ED3162 /* Debug */,
				D8463CB42CBAE77B00ED3162 /* Release */,
			);
			defaultConfigurationIsVisible = 0;
			defaultConfigurationName = Release;
		};
		D8463CB02CBAE77A00ED3162 /* Build configuration list for PBXNativeTarget "LoginProtocolOrientedUIKit" */ = {
			isa = XCConfigurationList;
			buildConfigurations = (
				D8463CB12CBAE77A00ED3162 /* Debug */,
				D8463CB22CBAE77A00ED3162 /* Release */,
			);
			defaultConfigurationIsVisible = 0;
			defaultConfigurationName = Release;
		};
		D8463CB52CBAE77B00ED3162 /* Build configuration list for PBXNativeTarget "LoginProtocolOrientedUIKitTests" */ = {
			isa = XCConfigurationList;
			buildConfigurations = (
				D8463CB62CBAE77B00ED3162 /* Debug */,
				D8463CB72CBAE77B00ED3162 /* Release */,
			);
			defaultConfigurationIsVisible = 0;
			defaultConfigurationName = Release;
		};
		D8463CB82CBAE77B00ED3162 /* Build configuration list for PBXNativeTarget "LoginProtocolOrientedUIKitUITests" */ = {
			isa = XCConfigurationList;
			buildConfigurations = (
				D8463CB92CBAE77B00ED3162 /* Debug */,
				D8463CBA2CBAE77B00ED3162 /* Release */,
			);
			defaultConfigurationIsVisible = 0;
			defaultConfigurationName = Release;
		};
/* End XCConfigurationList section */
	};
	rootObject = D8463C7F2CBAE77900ED3162 /* Project object */;
}
